
Microsoft Visual Studio Solution File, Format Version 12.00
# Visual Studio 14
VisualStudioVersion = 14.0.25420.1
MinimumVisualStudioVersion = 10.0.40219.1
Project("{2150E333-8FDC-42A3-9474-1A3956D46DE8}") = "Engine", "Engine", "{008270A2-9502-40C2-BBD0-D553836003B7}"
EndProject
Project("{2150E333-8FDC-42A3-9474-1A3956D46DE8}") = "Games", "Games", "{D2681100-0882-4A39-A090-67E18E3D3BD3}"
EndProject
Project("{8BC9CEB8-8B4A-11D0-8D11-00A0C91BC942}") = "UE4", "Intermediate\ProjectFiles\UE4.vcxproj", "{311B39DC-0139-44F6-9C5C-79683F986CAA}"
EndProject
Project("{8BC9CEB8-8B4A-11D0-8D11-00A0C91BC942}") = "ADVR", "Intermediate\ProjectFiles\ADVR.vcxproj", "{5CF47B91-6FF7-421B-BEAF-4B32A2A5D02B}"
EndProject
Global
	GlobalSection(SolutionConfigurationPlatforms) = preSolution
		DebugGame Editor|HTML5 = DebugGame Editor|HTML5
		DebugGame Editor|Win32 = DebugGame Editor|Win32
		DebugGame Editor|Win64 = DebugGame Editor|Win64
		DebugGame|HTML5 = DebugGame|HTML5
		DebugGame|Win32 = DebugGame|Win32
		DebugGame|Win64 = DebugGame|Win64
		Development Editor|HTML5 = Development Editor|HTML5
		Development Editor|Win32 = Development Editor|Win32
		Development Editor|Win64 = Development Editor|Win64
		Development|HTML5 = Development|HTML5
		Development|Win32 = Development|Win32
		Development|Win64 = Development|Win64
		Shipping|HTML5 = Shipping|HTML5
		Shipping|Win32 = Shipping|Win32
		Shipping|Win64 = Shipping|Win64
	EndGlobalSection
	GlobalSection(ProjectConfigurationPlatforms) = postSolution
		{311B39DC-0139-44F6-9C5C-79683F986CAA}.DebugGame Editor|HTML5.ActiveCfg = BuiltWithUnrealBuildTool|Win32
		{311B39DC-0139-44F6-9C5C-79683F986CAA}.DebugGame Editor|HTML5.Build.0 = BuiltWithUnrealBuildTool|Win32
		{311B39DC-0139-44F6-9C5C-79683F986CAA}.DebugGame Editor|Win32.ActiveCfg = BuiltWithUnrealBuildTool|Win32
		{311B39DC-0139-44F6-9C5C-79683F986CAA}.DebugGame Editor|Win32.Build.0 = BuiltWithUnrealBuildTool|Win32
		{311B39DC-0139-44F6-9C5C-79683F986CAA}.DebugGame Editor|Win64.ActiveCfg = BuiltWithUnrealBuildTool|Win32
		{311B39DC-0139-44F6-9C5C-79683F986CAA}.DebugGame Editor|Win64.Build.0 = BuiltWithUnrealBuildTool|Win32
		{311B39DC-0139-44F6-9C5C-79683F986CAA}.DebugGame|HTML5.ActiveCfg = BuiltWithUnrealBuildTool|Win32
		{311B39DC-0139-44F6-9C5C-79683F986CAA}.DebugGame|HTML5.Build.0 = BuiltWithUnrealBuildTool|Win32
		{311B39DC-0139-44F6-9C5C-79683F986CAA}.DebugGame|Win32.ActiveCfg = BuiltWithUnrealBuildTool|Win32
		{311B39DC-0139-44F6-9C5C-79683F986CAA}.DebugGame|Win32.Build.0 = BuiltWithUnrealBuildTool|Win32
		{311B39DC-0139-44F6-9C5C-79683F986CAA}.DebugGame|Win64.ActiveCfg = BuiltWithUnrealBuildTool|Win32
		{311B39DC-0139-44F6-9C5C-79683F986CAA}.DebugGame|Win64.Build.0 = BuiltWithUnrealBuildTool|Win32
		{311B39DC-0139-44F6-9C5C-79683F986CAA}.Development Editor|HTML5.ActiveCfg = BuiltWithUnrealBuildTool|Win32
		{311B39DC-0139-44F6-9C5C-79683F986CAA}.Development Editor|HTML5.Build.0 = BuiltWithUnrealBuildTool|Win32
		{311B39DC-0139-44F6-9C5C-79683F986CAA}.Development Editor|Win32.ActiveCfg = BuiltWithUnrealBuildTool|Win32
		{311B39DC-0139-44F6-9C5C-79683F986CAA}.Development Editor|Win32.Build.0 = BuiltWithUnrealBuildTool|Win32
		{311B39DC-0139-44F6-9C5C-79683F986CAA}.Development Editor|Win64.ActiveCfg = BuiltWithUnrealBuildTool|Win32
		{311B39DC-0139-44F6-9C5C-79683F986CAA}.Development Editor|Win64.Build.0 = BuiltWithUnrealBuildTool|Win32
		{311B39DC-0139-44F6-9C5C-79683F986CAA}.Development|HTML5.ActiveCfg = BuiltWithUnrealBuildTool|Win32
		{311B39DC-0139-44F6-9C5C-79683F986CAA}.Development|HTML5.Build.0 = BuiltWithUnrealBuildTool|Win32
		{311B39DC-0139-44F6-9C5C-79683F986CAA}.Development|Win32.ActiveCfg = BuiltWithUnrealBuildTool|Win32
		{311B39DC-0139-44F6-9C5C-79683F986CAA}.Development|Win32.Build.0 = BuiltWithUnrealBuildTool|Win32
		{311B39DC-0139-44F6-9C5C-79683F986CAA}.Development|Win64.ActiveCfg = BuiltWithUnrealBuildTool|Win32
		{311B39DC-0139-44F6-9C5C-79683F986CAA}.Development|Win64.Build.0 = BuiltWithUnrealBuildTool|Win32
		{311B39DC-0139-44F6-9C5C-79683F986CAA}.Shipping|HTML5.ActiveCfg = BuiltWithUnrealBuildTool|Win32
		{311B39DC-0139-44F6-9C5C-79683F986CAA}.Shipping|HTML5.Build.0 = BuiltWithUnrealBuildTool|Win32
		{311B39DC-0139-44F6-9C5C-79683F986CAA}.Shipping|Win32.ActiveCfg = BuiltWithUnrealBuildTool|Win32
		{311B39DC-0139-44F6-9C5C-79683F986CAA}.Shipping|Win32.Build.0 = BuiltWithUnrealBuildTool|Win32
		{311B39DC-0139-44F6-9C5C-79683F986CAA}.Shipping|Win64.ActiveCfg = BuiltWithUnrealBuildTool|Win32
		{311B39DC-0139-44F6-9C5C-79683F986CAA}.Shipping|Win64.Build.0 = BuiltWithUnrealBuildTool|Win32
		{5CF47B91-6FF7-421B-BEAF-4B32A2A5D02B}.DebugGame Editor|HTML5.ActiveCfg = HTML5_DebugGame_Editor|Win32
		{5CF47B91-6FF7-421B-BEAF-4B32A2A5D02B}.DebugGame Editor|Win32.ActiveCfg = DebugGame_Editor|Win32
		{5CF47B91-6FF7-421B-BEAF-4B32A2A5D02B}.DebugGame Editor|Win64.ActiveCfg = DebugGame_Editor|x64
		{5CF47B91-6FF7-421B-BEAF-4B32A2A5D02B}.DebugGame Editor|Win64.Build.0 = DebugGame_Editor|x64
		{5CF47B91-6FF7-421B-BEAF-4B32A2A5D02B}.DebugGame|HTML5.ActiveCfg = HTML5_DebugGame_Game|Win32
		{5CF47B91-6FF7-421B-BEAF-4B32A2A5D02B}.DebugGame|HTML5.Build.0 = HTML5_DebugGame_Game|Win32
		{5CF47B91-6FF7-421B-BEAF-4B32A2A5D02B}.DebugGame|Win32.ActiveCfg = DebugGame_Game|Win32
		{5CF47B91-6FF7-421B-BEAF-4B32A2A5D02B}.DebugGame|Win32.Build.0 = DebugGame_Game|Win32
		{5CF47B91-6FF7-421B-BEAF-4B32A2A5D02B}.DebugGame|Win64.ActiveCfg = DebugGame_Game|x64
		{5CF47B91-6FF7-421B-BEAF-4B32A2A5D02B}.DebugGame|Win64.Build.0 = DebugGame_Game|x64
		{5CF47B91-6FF7-421B-BEAF-4B32A2A5D02B}.Development Editor|HTML5.ActiveCfg = HTML5_Development_Editor|Win32
		{5CF47B91-6FF7-421B-BEAF-4B32A2A5D02B}.Development Editor|Win32.ActiveCfg = Development_Editor|Win32
		{5CF47B91-6FF7-421B-BEAF-4B32A2A5D02B}.Development Editor|Win64.ActiveCfg = Development_Editor|x64
		{5CF47B91-6FF7-421B-BEAF-4B32A2A5D02B}.Development Editor|Win64.Build.0 = Development_Editor|x64
		{5CF47B91-6FF7-421B-BEAF-4B32A2A5D02B}.Development|HTML5.ActiveCfg = HTML5_Development_Game|Win32
		{5CF47B91-6FF7-421B-BEAF-4B32A2A5D02B}.Development|HTML5.Build.0 = HTML5_Development_Game|Win32
		{5CF47B91-6FF7-421B-BEAF-4B32A2A5D02B}.Development|Win32.ActiveCfg = Development_Game|Win32
		{5CF47B91-6FF7-421B-BEAF-4B32A2A5D02B}.Development|Win32.Build.0 = Development_Game|Win32
		{5CF47B91-6FF7-421B-BEAF-4B32A2A5D02B}.Development|Win64.ActiveCfg = Development_Game|x64
		{5CF47B91-6FF7-421B-BEAF-4B32A2A5D02B}.Development|Win64.Build.0 = Development_Game|x64
		{5CF47B91-6FF7-421B-BEAF-4B32A2A5D02B}.Shipping|HTML5.ActiveCfg = HTML5_Shipping_Game|Win32
		{5CF47B91-6FF7-421B-BEAF-4B32A2A5D02B}.Shipping|HTML5.Build.0 = HTML5_Shipping_Game|Win32
		{5CF47B91-6FF7-421B-BEAF-4B32A2A5D02B}.Shipping|Win32.ActiveCfg = Shipping_Game|Win32
		{5CF47B91-6FF7-421B-BEAF-4B32A2A5D02B}.Shipping|Win32.Build.0 = Shipping_Game|Win32
		{5CF47B91-6FF7-421B-BEAF-4B32A2A5D02B}.Shipping|Win64.ActiveCfg = Shipping_Game|x64
		{5CF47B91-6FF7-421B-BEAF-4B32A2A5D02B}.Shipping|Win64.Build.0 = Shipping_Game|x64
	EndGlobalSection
	GlobalSection(SolutionProperties) = preSolution
		HideSolutionNode = FALSE
	EndGlobalSection
	GlobalSection(NestedProjects) = preSolution
		{311B39DC-0139-44F6-9C5C-79683F986CAA} = {008270A2-9502-40C2-BBD0-D553836003B7}
		{5CF47B91-6FF7-421B-BEAF-4B32A2A5D02B} = {D2681100-0882-4A39-A090-67E18E3D3BD3}
	EndGlobalSection
EndGlobal
